
Microsoft Visual Studio Solution File, Format Version 12.00
# Visual Studio Version 16
VisualStudioVersion = 16.0.31727.386
MinimumVisualStudioVersion = 10.0.40219.1
Project("{9A19103F-16F7-4668-BE54-9A1E7A4F7556}") = "AccountService", "AccountService\AccountService.csproj", "{DF041D3E-9E95-4A9D-BD87-E483497C464E}"
EndProject
Project("{9A19103F-16F7-4668-BE54-9A1E7A4F7556}") = "OrderService", "..\OrderService\OrderService.csproj", "{AD5AF72D-0B59-4476-B311-ABBC210AEAB4}"
EndProject
Project("{9A19103F-16F7-4668-BE54-9A1E7A4F7556}") = "Reservation Service", "..\Reservation Service\Reservation Service.csproj", "{030250E6-1995-44AE-9D26-D0D1E6EA5F5B}"
EndProject
Project("{FAE04EC0-301F-11D3-BF4B-00C04F79EFBC}") = "AuthenticationService", "..\AuthenticationService\AuthenticationService.csproj", "{C7A1A54C-9739-4141-A2D4-E94B59C67A61}"
EndProject
Project("{FAE04EC0-301F-11D3-BF4B-00C04F79EFBC}") = "MenuService", "..\MenuService\MenuService.csproj", "{49BD944A-0A1E-4303-9425-2125AAC92D51}"
EndProject
Global
	GlobalSection(SolutionConfigurationPlatforms) = preSolution
		Debug|Any CPU = Debug|Any CPU
		Release|Any CPU = Release|Any CPU
	EndGlobalSection
	GlobalSection(ProjectConfigurationPlatforms) = postSolution
		{DF041D3E-9E95-4A9D-BD87-E483497C464E}.Debug|Any CPU.ActiveCfg = Debug|Any CPU
		{DF041D3E-9E95-4A9D-BD87-E483497C464E}.Debug|Any CPU.Build.0 = Debug|Any CPU
		{DF041D3E-9E95-4A9D-BD87-E483497C464E}.Release|Any CPU.ActiveCfg = Release|Any CPU
		{DF041D3E-9E95-4A9D-BD87-E483497C464E}.Release|Any CPU.Build.0 = Release|Any CPU
		{AD5AF72D-0B59-4476-B311-ABBC210AEAB4}.Debug|Any CPU.ActiveCfg = Debug|Any CPU
		{AD5AF72D-0B59-4476-B311-ABBC210AEAB4}.Debug|Any CPU.Build.0 = Debug|Any CPU
		{AD5AF72D-0B59-4476-B311-ABBC210AEAB4}.Release|Any CPU.ActiveCfg = Release|Any CPU
		{AD5AF72D-0B59-4476-B311-ABBC210AEAB4}.Release|Any CPU.Build.0 = Release|Any CPU
		{030250E6-1995-44AE-9D26-D0D1E6EA5F5B}.Debug|Any CPU.ActiveCfg = Debug|Any CPU
		{030250E6-1995-44AE-9D26-D0D1E6EA5F5B}.Debug|Any CPU.Build.0 = Debug|Any CPU
		{030250E6-1995-44AE-9D26-D0D1E6EA5F5B}.Release|Any CPU.ActiveCfg = Release|Any CPU
		{030250E6-1995-44AE-9D26-D0D1E6EA5F5B}.Release|Any CPU.Build.0 = Release|Any CPU
		{C7A1A54C-9739-4141-A2D4-E94B59C67A61}.Debug|Any CPU.ActiveCfg = Debug|Any CPU
		{C7A1A54C-9739-4141-A2D4-E94B59C67A61}.Debug|Any CPU.Build.0 = Debug|Any CPU
		{C7A1A54C-9739-4141-A2D4-E94B59C67A61}.Release|Any CPU.ActiveCfg = Release|Any CPU
		{C7A1A54C-9739-4141-A2D4-E94B59C67A61}.Release|Any CPU.Build.0 = Release|Any CPU
		{49BD944A-0A1E-4303-9425-2125AAC92D51}.Debug|Any CPU.ActiveCfg = Debug|Any CPU
		{49BD944A-0A1E-4303-9425-2125AAC92D51}.Debug|Any CPU.Build.0 = Debug|Any CPU
		{49BD944A-0A1E-4303-9425-2125AAC92D51}.Release|Any CPU.ActiveCfg = Release|Any CPU
		{49BD944A-0A1E-4303-9425-2125AAC92D51}.Release|Any CPU.Build.0 = Release|Any CPU
	EndGlobalSection
	GlobalSection(SolutionProperties) = preSolution
		HideSolutionNode = FALSE
	EndGlobalSection
	GlobalSection(ExtensibilityGlobals) = postSolution
		SolutionGuid = {BB5D15A2-FF5A-4B8D-805D-8D370598EBF6}
	EndGlobalSection
EndGlobal
